
Microsoft Visual Studio Solution File, Format Version 12.00
Project("{FAE04EC0-301F-11D3-BF4B-00C04F79EFBC}") = "TestingEnvironment", "TestingEnvironment\TestingEnvironment.csproj", "{C712B042-4207-437B-BF2D-B25A72508F29}"
EndProject
Project("{FAE04EC0-301F-11D3-BF4B-00C04F79EFBC}") = "CorrectBehaviorWhenCriticalSituationGAC", "CorrectBehaviorWhenCriticalSituationGAC\CorrectBehaviorWhenCriticalSituationGAC.csproj", "{48F7B911-79E1-46B8-8497-C29B806F62B7}"
EndProject
Project("{FAE04EC0-301F-11D3-BF4B-00C04F79EFBC}") = "AbsolutelyTest", "AbsolutelyTest\AbsolutelyTest.csproj", "{982259FA-DFFE-49A1-A702-EF34917D12D9}"
EndProject
Global
	GlobalSection(SolutionConfigurationPlatforms) = preSolution
		Debug|Any CPU = Debug|Any CPU
		Release|Any CPU = Release|Any CPU
	EndGlobalSection
	GlobalSection(ProjectConfigurationPlatforms) = postSolution
		{C712B042-4207-437B-BF2D-B25A72508F29}.Debug|Any CPU.ActiveCfg = Debug|Any CPU
		{C712B042-4207-437B-BF2D-B25A72508F29}.Debug|Any CPU.Build.0 = Debug|Any CPU
		{C712B042-4207-437B-BF2D-B25A72508F29}.Release|Any CPU.ActiveCfg = Release|Any CPU
		{C712B042-4207-437B-BF2D-B25A72508F29}.Release|Any CPU.Build.0 = Release|Any CPU
		{48F7B911-79E1-46B8-8497-C29B806F62B7}.Debug|Any CPU.ActiveCfg = Debug|Any CPU
		{48F7B911-79E1-46B8-8497-C29B806F62B7}.Debug|Any CPU.Build.0 = Debug|Any CPU
		{48F7B911-79E1-46B8-8497-C29B806F62B7}.Release|Any CPU.ActiveCfg = Release|Any CPU
		{48F7B911-79E1-46B8-8497-C29B806F62B7}.Release|Any CPU.Build.0 = Release|Any CPU
		{982259FA-DFFE-49A1-A702-EF34917D12D9}.Debug|Any CPU.ActiveCfg = Debug|Any CPU
		{982259FA-DFFE-49A1-A702-EF34917D12D9}.Debug|Any CPU.Build.0 = Debug|Any CPU
		{982259FA-DFFE-49A1-A702-EF34917D12D9}.Release|Any CPU.ActiveCfg = Release|Any CPU
		{982259FA-DFFE-49A1-A702-EF34917D12D9}.Release|Any CPU.Build.0 = Release|Any CPU
	EndGlobalSection
EndGlobal
